
Microsoft Visual Studio Solution File, Format Version 12.00
# Visual Studio Version 17
VisualStudioVersion = 17.6.33723.286
MinimumVisualStudioVersion = 10.0.40219.1
Project("{FAE04EC0-301F-11D3-BF4B-00C04F79EFBC}") = "ConsoleApp1", "ConsoleApp1\ConsoleApp1.csproj", "{32E0D30D-521D-4C96-A8E0-503FC2D66448}"
EndProject
Global
	GlobalSection(SolutionConfigurationPlatforms) = preSolution
		Debug|Any CPU = Debug|Any CPU
		Release|Any CPU = Release|Any CPU
	EndGlobalSection
	GlobalSection(ProjectConfigurationPlatforms) = postSolution
		{32E0D30D-521D-4C96-A8E0-503FC2D66448}.Debug|Any CPU.ActiveCfg = Debug|Any CPU
		{32E0D30D-521D-4C96-A8E0-503FC2D66448}.Debug|Any CPU.Build.0 = Debug|Any CPU
		{32E0D30D-521D-4C96-A8E0-503FC2D66448}.Release|Any CPU.ActiveCfg = Release|Any CPU
		{32E0D30D-521D-4C96-A8E0-503FC2D66448}.Release|Any CPU.Build.0 = Release|Any CPU
	EndGlobalSection
	GlobalSection(SolutionProperties) = preSolution
		HideSolutionNode = FALSE
	EndGlobalSection
	GlobalSection(ExtensibilityGlobals) = postSolution
		SolutionGuid = {0F84375B-9A4F-43AB-81EC-D8803E89B574}
	EndGlobalSection
EndGlobal
